
Microsoft Visual Studio Solution File, Format Version 11.00
# Visual C# Express 2010
Project("{FAE04EC0-301F-11D3-BF4B-00C04F79EFBC}") = "ConnectionStringCreatorGUI", "ConnectionStringCreatorGUI\ConnectionStringCreatorGUI.csproj", "{7319917A-8A1B-41CA-99BC-6E14C324DC63}"
EndProject
Global
	GlobalSection(SolutionConfigurationPlatforms) = preSolution
		Debug|Any CPU = Debug|Any CPU
		Release|Any CPU = Release|Any CPU
	EndGlobalSection
	GlobalSection(ProjectConfigurationPlatforms) = postSolution
		{7319917A-8A1B-41CA-99BC-6E14C324DC63}.Debug|Any CPU.ActiveCfg = Debug|Any CPU
		{7319917A-8A1B-41CA-99BC-6E14C324DC63}.Debug|Any CPU.Build.0 = Debug|Any CPU
		{7319917A-8A1B-41CA-99BC-6E14C324DC63}.Release|Any CPU.ActiveCfg = Release|Any CPU
		{7319917A-8A1B-41CA-99BC-6E14C324DC63}.Release|Any CPU.Build.0 = Release|Any CPU
	EndGlobalSection
	GlobalSection(SolutionProperties) = preSolution
		HideSolutionNode = FALSE
	EndGlobalSection
EndGlobal
